<?xml version="1.0" encoding="utf-8"?>
<Project ToolsVersion="4.0" xmlns="http://schemas.microsoft.com/developer/msbuild/2003">
  <ItemGroup>
    <Filter Include="Header Files">
      <UniqueIdentifier>{DA94B658-1611-4EB4-B3AE-60ACE84B16E4}</UniqueIdentifier>
      <Extensions>h;hpp;hxx;hm;inl;inc;xsd</Extensions>
    </Filter>
    <Filter Include="Source Files">
      <UniqueIdentifier>{A18FCD2D-0F13-4EE9-8E74-8B2B9CF92C0A}</UniqueIdentifier>
      <Extensions>cpp;c;cc;cxx;def;odl;idl;hpj;bat;asm;asmx</Extensions>
    </Filter>
  </ItemGroup>
  <ItemGroup>
    <ClInclude Include="..\public\build.h">
      <Filter>Header Files</Filter>
    </ClInclude>
    <ClInclude Include="..\public\crclib.h">
      <Filter>Header Files</Filter>
    </ClInclude>
    <ClInclude Include="..\public\crtlib.h">
      <Filter>Header Files</Filter>
    </ClInclude>
    <ClInclude Include="..\public\miniz.h">
      <Filter>Header Files</Filter>
    </ClInclude>
    <ClInclude Include="..\public\pstdint.h">
      <Filter>Header Files</Filter>
    </ClInclude>
    <ClInclude Include="..\public\xash3d_mathlib.h">
      <Filter>Header Files</Filter>
    </ClInclude>
    <ClInclude Include="..\common\backends.h">
      <Filter>Header Files</Filter>
    </ClInclude>
    <ClInclude Include="..\common\beamdef.h">
      <Filter>Header Files</Filter>
    </ClInclude>
    <ClInclude Include="..\common\boneinfo.h">
      <Filter>Header Files</Filter>
    </ClInclude>
    <ClInclude Include="..\common\bspfile.h">
      <Filter>Header Files</Filter>
    </ClInclude>
    <ClInclude Include="..\common\cl_entity.h">
      <Filter>Header Files</Filter>
    </ClInclude>
    <ClInclude Include="..\common\com_image.h">
      <Filter>Header Files</Filter>
    </ClInclude>
    <ClInclude Include="..\common\com_model.h">
      <Filter>Header Files</Filter>
    </ClInclude>
    <ClInclude Include="..\common\con_nprint.h">
      <Filter>Header Files</Filter>
    </ClInclude>
    <ClInclude Include="..\common\const.h">
      <Filter>Header Files</Filter>
    </ClInclude>
    <ClInclude Include="..\common\cvardef.h">
      <Filter>Header Files</Filter>
    </ClInclude>
    <ClInclude Include="..\common\defaults.h">
      <Filter>Header Files</Filter>
    </ClInclude>
    <ClInclude Include="..\common\demo_api.h">
      <Filter>Header Files</Filter>
    </ClInclude>
    <ClInclude Include="..\common\dlight.h">
      <Filter>Header Files</Filter>
    </ClInclude>
    <ClInclude Include="..\common\enginefeatures.h">
      <Filter>Header Files</Filter>
    </ClInclude>
    <ClInclude Include="..\common\entity_state.h">
      <Filter>Header Files</Filter>
    </ClInclude>
    <ClInclude Include="..\common\entity_types.h">
      <Filter>Header Files</Filter>
    </ClInclude>
    <ClInclude Include="..\common\event_api.h">
      <Filter>Header Files</Filter>
    </ClInclude>
    <ClInclude Include="..\common\event_args.h">
      <Filter>Header Files</Filter>
    </ClInclude>
    <ClInclude Include="..\common\event_flags.h">
      <Filter>Header Files</Filter>
    </ClInclude>
    <ClInclude Include="..\common\gameinfo.h">
      <Filter>Header Files</Filter>
    </ClInclude>
    <ClInclude Include="..\common\hltv.h">
      <Filter>Header Files</Filter>
    </ClInclude>
    <ClInclude Include="..\common\ivoicetweak.h">
      <Filter>Header Files</Filter>
    </ClInclude>
    <ClInclude Include="..\common\kbutton.h">
      <Filter>Header Files</Filter>
    </ClInclude>
    <ClInclude Include="..\common\lightstyle.h">
      <Filter>Header Files</Filter>
    </ClInclude>
    <ClInclude Include="..\common\mathlib.h">
      <Filter>Header Files</Filter>
    </ClInclude>
    <ClInclude Include="..\common\net_api.h">
      <Filter>Header Files</Filter>
    </ClInclude>
    <ClInclude Include="..\common\netadr.h">
      <Filter>Header Files</Filter>
    </ClInclude>
    <ClInclude Include="..\common\particledef.h">
      <Filter>Header Files</Filter>
    </ClInclude>
    <ClInclude Include="..\common\pmtrace.h">
      <Filter>Header Files</Filter>
    </ClInclude>
    <ClInclude Include="..\common\port.h">
      <Filter>Header Files</Filter>
    </ClInclude>
    <ClInclude Include="..\common\qfont.h">
      <Filter>Header Files</Filter>
    </ClInclude>
    <ClInclude Include="..\common\r_efx.h">
      <Filter>Header Files</Filter>
    </ClInclude>
    <ClInclude Include="..\common\r_studioint.h">
      <Filter>Header Files</Filter>
    </ClInclude>
    <ClInclude Include="..\common\ref_params.h">
      <Filter>Header Files</Filter>
    </ClInclude>
    <ClInclude Include="..\common\render_api.h">
      <Filter>Header Files</Filter>
    </ClInclude>
    <ClInclude Include="..\common\screenfade.h">
      <Filter>Header Files</Filter>
    </ClInclude>
    <ClInclude Include="..\common\studio_event.h">
      <Filter>Header Files</Filter>
    </ClInclude>
    <ClInclude Include="..\common\triangleapi.h">
      <Filter>Header Files</Filter>
    </ClInclude>
    <ClInclude Include="..\common\usercmd.h">
      <Filter>Header Files</Filter>
    </ClInclude>
    <ClInclude Include="..\common\wadfile.h">
      <Filter>Header Files</Filter>
    </ClInclude>
    <ClInclude Include="..\common\weaponinfo.h">
      <Filter>Header Files</Filter>
    </ClInclude>
    <ClInclude Include="..\common\wrect.h">
      <Filter>Header Files</Filter>
    </ClInclude>
    <ClInclude Include="..\common\xash3d_types.h">
      <Filter>Header Files</Filter>
    </ClInclude>
    <ClInclude Include="..\pm_shared\pm_defs.h">
      <Filter>Header Files</Filter>
    </ClInclude>
    <ClInclude Include="..\pm_shared\pm_info.h">
      <Filter>Header Files</Filter>
    </ClInclude>
    <ClInclude Include="..\pm_shared\pm_movevars.h">
      <Filter>Header Files</Filter>
    </ClInclude>
    <ClInclude Include="..\engine\alias.h">
      <Filter>Header Files</Filter>
    </ClInclude>
    <ClInclude Include="..\engine\anorms.h">
      <Filter>Header Files</Filter>
    </ClInclude>
    <ClInclude Include="..\engine\cdll_exp.h">
      <Filter>Header Files</Filter>
    </ClInclude>
    <ClInclude Include="..\engine\cdll_int.h">
      <Filter>Header Files</Filter>
    </ClInclude>
    <ClInclude Include="..\engine\cursor_type.h">
      <Filter>Header Files</Filter>
    </ClInclude>
    <ClInclude Include="..\engine\custom.h">
      <Filter>Header Files</Filter>
    </ClInclude>
    <ClInclude Include="..\engine\customentity.h">
      <Filter>Header Files</Filter>
    </ClInclude>
    <ClInclude Include="..\engine\edict.h">
      <Filter>Header Files</Filter>
    </ClInclude>
    <ClInclude Include="..\engine\eiface.h">
      <Filter>Header Files</Filter>
    </ClInclude>
    <ClInclude Include="..\engine\key_modifiers.h">
      <Filter>Header Files</Filter>
    </ClInclude>
    <ClInclude Include="..\engine\keydefs.h">
      <Filter>Header Files</Filter>
    </ClInclude>
    <ClInclude Include="..\engine\menu_int.h">
      <Filter>Header Files</Filter>
    </ClInclude>
    <ClInclude Include="..\engine\mobility_int.h">
      <Filter>Header Files</Filter>
    </ClInclude>
    <ClInclude Include="..\engine\physint.h">
      <Filter>Header Files</Filter>
    </ClInclude>
    <ClInclude Include="..\engine\progdefs.h">
      <Filter>Header Files</Filter>
    </ClInclude>
    <ClInclude Include="..\engine\ref_api.h">
      <Filter>Header Files</Filter>
    </ClInclude>
    <ClInclude Include="..\engine\sequence.h">
      <Filter>Header Files</Filter>
    </ClInclude>
    <ClInclude Include="..\engine\shake.h">
      <Filter>Header Files</Filter>
    </ClInclude>
    <ClInclude Include="..\engine\sprite.h">
      <Filter>Header Files</Filter>
    </ClInclude>
    <ClInclude Include="..\engine\studio.h">
      <Filter>Header Files</Filter>
    </ClInclude>
    <ClInclude Include="..\engine\vgui_api.h">
      <Filter>Header Files</Filter>
    </ClInclude>
    <ClInclude Include="..\engine\warpsin.h">
      <Filter>Header Files</Filter>
    </ClInclude>
  </ItemGroup>
  <ItemGroup>
    <ClCompile Include="game.cpp">
      <Filter>Source Files</Filter>
    </ClCompile>
  </ItemGroup>
  <ItemGroup>
    <ResourceCompile Include="game.rc">
      <Filter>Source Files</Filter>
    </ResourceCompile>
  </ItemGroup>
</Project>